
Microsoft Visual Studio Solution File, Format Version 12.00
# Visual Studio 14
VisualStudioVersion = 14.0.25123.0
MinimumVisualStudioVersion = 10.0.40219.1
Project("{2150E333-8FDC-42A3-9474-1A3956D46DE8}") = "src", "src", "{379F46BB-89B2-4247-9773-6782E95B34B5}"
EndProject
Project("{2150E333-8FDC-42A3-9474-1A3956D46DE8}") = "Solution Items", "Solution Items", "{9E1FB595-B8BC-4AED-BE70-B278FF3504AC}"
	ProjectSection(SolutionItems) = preProject
		global.json = global.json
	EndProjectSection
EndProject
Project("{8BB2217D-0F2D-49D1-97BC-3654ED321F3B}") = "ServiceClient", "src\ServiceClient\ServiceClient.xproj", "{4756E9D4-0ACF-4FBF-A53E-283129D9B2C3}"
EndProject
Global
	GlobalSection(SolutionConfigurationPlatforms) = preSolution
		Debug|Any CPU = Debug|Any CPU
		Release|Any CPU = Release|Any CPU
	EndGlobalSection
	GlobalSection(ProjectConfigurationPlatforms) = postSolution
		{4756E9D4-0ACF-4FBF-A53E-283129D9B2C3}.Debug|Any CPU.ActiveCfg = Debug|Any CPU
		{4756E9D4-0ACF-4FBF-A53E-283129D9B2C3}.Debug|Any CPU.Build.0 = Debug|Any CPU
		{4756E9D4-0ACF-4FBF-A53E-283129D9B2C3}.Release|Any CPU.ActiveCfg = Release|Any CPU
		{4756E9D4-0ACF-4FBF-A53E-283129D9B2C3}.Release|Any CPU.Build.0 = Release|Any CPU
	EndGlobalSection
	GlobalSection(SolutionProperties) = preSolution
		HideSolutionNode = FALSE
	EndGlobalSection
	GlobalSection(NestedProjects) = preSolution
		{4756E9D4-0ACF-4FBF-A53E-283129D9B2C3} = {379F46BB-89B2-4247-9773-6782E95B34B5}
	EndGlobalSection
EndGlobal
