
Microsoft Visual Studio Solution File, Format Version 12.00
# Visual Studio 15
VisualStudioVersion = 15.0.26228.9
MinimumVisualStudioVersion = 10.0.40219.1
Project("{2150E333-8FDC-42A3-9474-1A3956D46DE8}") = "src", "src", "{379F46BB-89B2-4247-9773-6782E95B34B5}"
EndProject
Project("{2150E333-8FDC-42A3-9474-1A3956D46DE8}") = "Solution Items", "Solution Items", "{9E1FB595-B8BC-4AED-BE70-B278FF3504AC}"
EndProject
Project("{9A19103F-16F7-4668-BE54-9A1E7A4F7556}") = "ServiceClient", "src\ServiceClient\ServiceClient.csproj", "{4756E9D4-0ACF-4FBF-A53E-283129D9B2C3}"
EndProject
Project("{9A19103F-16F7-4668-BE54-9A1E7A4F7556}") = "DapperWrapper", "src\DapperWrapper\DapperWrapper.csproj", "{E3686202-151C-493E-9A2A-E3B90B2A3F92}"
EndProject
Project("{2150E333-8FDC-42A3-9474-1A3956D46DE8}") = "test", "test", "{05176489-5EC6-40D3-B3C3-E53958A4961C}"
EndProject
Project("{FAE04EC0-301F-11D3-BF4B-00C04F79EFBC}") = "ServiceClient.Test", "test\ServiceClient.Test\ServiceClient.Test.csproj", "{C5C5014F-EFAF-419C-B7AA-A5A8F15C059E}"
EndProject
Global
	GlobalSection(SolutionConfigurationPlatforms) = preSolution
		Debug|Any CPU = Debug|Any CPU
		Release|Any CPU = Release|Any CPU
	EndGlobalSection
	GlobalSection(ProjectConfigurationPlatforms) = postSolution
		{4756E9D4-0ACF-4FBF-A53E-283129D9B2C3}.Debug|Any CPU.ActiveCfg = Debug|Any CPU
		{4756E9D4-0ACF-4FBF-A53E-283129D9B2C3}.Debug|Any CPU.Build.0 = Debug|Any CPU
		{4756E9D4-0ACF-4FBF-A53E-283129D9B2C3}.Release|Any CPU.ActiveCfg = Release|Any CPU
		{4756E9D4-0ACF-4FBF-A53E-283129D9B2C3}.Release|Any CPU.Build.0 = Release|Any CPU
		{E3686202-151C-493E-9A2A-E3B90B2A3F92}.Debug|Any CPU.ActiveCfg = Debug|Any CPU
		{E3686202-151C-493E-9A2A-E3B90B2A3F92}.Debug|Any CPU.Build.0 = Debug|Any CPU
		{E3686202-151C-493E-9A2A-E3B90B2A3F92}.Release|Any CPU.ActiveCfg = Release|Any CPU
		{E3686202-151C-493E-9A2A-E3B90B2A3F92}.Release|Any CPU.Build.0 = Release|Any CPU
		{C5C5014F-EFAF-419C-B7AA-A5A8F15C059E}.Debug|Any CPU.ActiveCfg = Debug|Any CPU
		{C5C5014F-EFAF-419C-B7AA-A5A8F15C059E}.Debug|Any CPU.Build.0 = Debug|Any CPU
		{C5C5014F-EFAF-419C-B7AA-A5A8F15C059E}.Release|Any CPU.ActiveCfg = Release|Any CPU
		{C5C5014F-EFAF-419C-B7AA-A5A8F15C059E}.Release|Any CPU.Build.0 = Release|Any CPU
	EndGlobalSection
	GlobalSection(SolutionProperties) = preSolution
		HideSolutionNode = FALSE
	EndGlobalSection
	GlobalSection(NestedProjects) = preSolution
		{4756E9D4-0ACF-4FBF-A53E-283129D9B2C3} = {379F46BB-89B2-4247-9773-6782E95B34B5}
		{E3686202-151C-493E-9A2A-E3B90B2A3F92} = {379F46BB-89B2-4247-9773-6782E95B34B5}
		{C5C5014F-EFAF-419C-B7AA-A5A8F15C059E} = {05176489-5EC6-40D3-B3C3-E53958A4961C}
	EndGlobalSection
EndGlobal
